
Microsoft Visual Studio Solution File, Format Version 12.00
# Visual Studio Version 16
VisualStudioVersion = 16.0.30413.136
MinimumVisualStudioVersion = 10.0.40219.1
Project("{FAE04EC0-301F-11D3-BF4B-00C04F79EFBC}") = "EX18SimpleClasses", "EX18SimpleClasses\EX18SimpleClasses.csproj", "{852505B0-AFEA-4303-ACA0-D64BEA1F8933}"
EndProject
Global
	GlobalSection(SolutionConfigurationPlatforms) = preSolution
		Debug|Any CPU = Debug|Any CPU
		Release|Any CPU = Release|Any CPU
	EndGlobalSection
	GlobalSection(ProjectConfigurationPlatforms) = postSolution
		{852505B0-AFEA-4303-ACA0-D64BEA1F8933}.Debug|Any CPU.ActiveCfg = Debug|Any CPU
		{852505B0-AFEA-4303-ACA0-D64BEA1F8933}.Debug|Any CPU.Build.0 = Debug|Any CPU
		{852505B0-AFEA-4303-ACA0-D64BEA1F8933}.Release|Any CPU.ActiveCfg = Release|Any CPU
		{852505B0-AFEA-4303-ACA0-D64BEA1F8933}.Release|Any CPU.Build.0 = Release|Any CPU
	EndGlobalSection
	GlobalSection(SolutionProperties) = preSolution
		HideSolutionNode = FALSE
	EndGlobalSection
	GlobalSection(ExtensibilityGlobals) = postSolution
		SolutionGuid = {FDC10E31-C4AB-4638-BCB8-73714D81C7FE}
	EndGlobalSection
EndGlobal
