
Microsoft Visual Studio Solution File, Format Version 12.00
# Visual Studio Version 16
VisualStudioVersion = 16.0.30413.136
MinimumVisualStudioVersion = 10.0.40219.1
Project("{FAE04EC0-301F-11D3-BF4B-00C04F79EFBC}") = "EX25WPFSmallGame", "EX25WPFSmallGame\EX25WPFSmallGame.csproj", "{75697EA8-5617-437D-9D23-E8DE7744C419}"
EndProject
Global
	GlobalSection(SolutionConfigurationPlatforms) = preSolution
		Debug|Any CPU = Debug|Any CPU
		Release|Any CPU = Release|Any CPU
	EndGlobalSection
	GlobalSection(ProjectConfigurationPlatforms) = postSolution
		{75697EA8-5617-437D-9D23-E8DE7744C419}.Debug|Any CPU.ActiveCfg = Debug|Any CPU
		{75697EA8-5617-437D-9D23-E8DE7744C419}.Debug|Any CPU.Build.0 = Debug|Any CPU
		{75697EA8-5617-437D-9D23-E8DE7744C419}.Release|Any CPU.ActiveCfg = Release|Any CPU
		{75697EA8-5617-437D-9D23-E8DE7744C419}.Release|Any CPU.Build.0 = Release|Any CPU
	EndGlobalSection
	GlobalSection(SolutionProperties) = preSolution
		HideSolutionNode = FALSE
	EndGlobalSection
	GlobalSection(ExtensibilityGlobals) = postSolution
		SolutionGuid = {A343BAC8-1D48-487C-BF8E-CA6FF18C61DB}
	EndGlobalSection
EndGlobal
