
Microsoft Visual Studio Solution File, Format Version 12.00
# Visual Studio Version 16
VisualStudioVersion = 16.0.30413.136
MinimumVisualStudioVersion = 10.0.40219.1
Project("{FAE04EC0-301F-11D3-BF4B-00C04F79EFBC}") = "EX07SelectionIfElse", "EX07SlectionIfElse\EX07SelectionIfElse.csproj", "{31123F30-B63D-4F9A-8383-243BC6297FE2}"
EndProject
Global
	GlobalSection(SolutionConfigurationPlatforms) = preSolution
		Debug|Any CPU = Debug|Any CPU
		Release|Any CPU = Release|Any CPU
	EndGlobalSection
	GlobalSection(ProjectConfigurationPlatforms) = postSolution
		{31123F30-B63D-4F9A-8383-243BC6297FE2}.Debug|Any CPU.ActiveCfg = Debug|Any CPU
		{31123F30-B63D-4F9A-8383-243BC6297FE2}.Debug|Any CPU.Build.0 = Debug|Any CPU
		{31123F30-B63D-4F9A-8383-243BC6297FE2}.Release|Any CPU.ActiveCfg = Release|Any CPU
		{31123F30-B63D-4F9A-8383-243BC6297FE2}.Release|Any CPU.Build.0 = Release|Any CPU
	EndGlobalSection
	GlobalSection(SolutionProperties) = preSolution
		HideSolutionNode = FALSE
	EndGlobalSection
	GlobalSection(ExtensibilityGlobals) = postSolution
		SolutionGuid = {73AE576C-C8F9-4491-8010-2DB7F351A7B7}
	EndGlobalSection
EndGlobal
